
Microsoft Visual Studio Solution File, Format Version 12.00
# Visual Studio Version 16
VisualStudioVersion = 16.0.31313.79
MinimumVisualStudioVersion = 10.0.40219.1
Project("{FAE04EC0-301F-11D3-BF4B-00C04F79EFBC}") = "TcpSender", "TcpSender\TcpSender.csproj", "{1C561775-DDA3-4D0D-A5F7-2F37FE4C083E}"
EndProject
Global
	GlobalSection(SolutionConfigurationPlatforms) = preSolution
		Debug|Any CPU = Debug|Any CPU
		Release|Any CPU = Release|Any CPU
	EndGlobalSection
	GlobalSection(ProjectConfigurationPlatforms) = postSolution
		{1C561775-DDA3-4D0D-A5F7-2F37FE4C083E}.Debug|Any CPU.ActiveCfg = Debug|Any CPU
		{1C561775-DDA3-4D0D-A5F7-2F37FE4C083E}.Debug|Any CPU.Build.0 = Debug|Any CPU
		{1C561775-DDA3-4D0D-A5F7-2F37FE4C083E}.Release|Any CPU.ActiveCfg = Release|Any CPU
		{1C561775-DDA3-4D0D-A5F7-2F37FE4C083E}.Release|Any CPU.Build.0 = Release|Any CPU
	EndGlobalSection
	GlobalSection(SolutionProperties) = preSolution
		HideSolutionNode = FALSE
	EndGlobalSection
	GlobalSection(ExtensibilityGlobals) = postSolution
		SolutionGuid = {D4381377-21BB-48AC-8BCB-85099D0A3E67}
	EndGlobalSection
EndGlobal
